
Microsoft Visual Studio Solution File, Format Version 12.00
# Visual Studio 15
VisualStudioVersion = 15.0.27428.2037
MinimumVisualStudioVersion = 10.0.40219.1
Project("{FAE04EC0-301F-11D3-BF4B-00C04F79EFBC}") = "VoiceKeyboard", "VoiceKeyboard\VoiceKeyboard.csproj", "{3B9BFD2B-155F-44A0-BD38-9F698F22A039}"
EndProject
Project("{FAE04EC0-301F-11D3-BF4B-00C04F79EFBC}") = "VoiceLauncher", "VoiceLauncher\VoiceLauncher.csproj", "{A81F6F94-7850-4D67-8741-A2E912804B68}"
EndProject
Global
	GlobalSection(SolutionConfigurationPlatforms) = preSolution
		Debug|Any CPU = Debug|Any CPU
		Release|Any CPU = Release|Any CPU
	EndGlobalSection
	GlobalSection(ProjectConfigurationPlatforms) = postSolution
		{3B9BFD2B-155F-44A0-BD38-9F698F22A039}.Debug|Any CPU.ActiveCfg = Debug|Any CPU
		{3B9BFD2B-155F-44A0-BD38-9F698F22A039}.Debug|Any CPU.Build.0 = Debug|Any CPU
		{3B9BFD2B-155F-44A0-BD38-9F698F22A039}.Release|Any CPU.ActiveCfg = Release|Any CPU
		{3B9BFD2B-155F-44A0-BD38-9F698F22A039}.Release|Any CPU.Build.0 = Release|Any CPU
		{A81F6F94-7850-4D67-8741-A2E912804B68}.Debug|Any CPU.ActiveCfg = Debug|Any CPU
		{A81F6F94-7850-4D67-8741-A2E912804B68}.Debug|Any CPU.Build.0 = Debug|Any CPU
		{A81F6F94-7850-4D67-8741-A2E912804B68}.Release|Any CPU.ActiveCfg = Release|Any CPU
		{A81F6F94-7850-4D67-8741-A2E912804B68}.Release|Any CPU.Build.0 = Release|Any CPU
	EndGlobalSection
	GlobalSection(SolutionProperties) = preSolution
		HideSolutionNode = FALSE
	EndGlobalSection
	GlobalSection(ExtensibilityGlobals) = postSolution
		SolutionGuid = {44F0CAB0-2048-4969-A3A9-F8BE04EF6E05}
	EndGlobalSection
EndGlobal
